
Microsoft Visual Studio Solution File, Format Version 12.00
# Visual Studio Version 16
VisualStudioVersion = 16.0.30104.148
MinimumVisualStudioVersion = 10.0.40219.1
Project("{FAE04EC0-301F-11D3-BF4B-00C04F79EFBC}") = "CodeWars", "CodeWars\CodeWars.csproj", "{EEFA9600-84CB-416E-B657-AC7A685D5E6C}"
EndProject
Global
	GlobalSection(SolutionConfigurationPlatforms) = preSolution
		Debug|Any CPU = Debug|Any CPU
		Release|Any CPU = Release|Any CPU
	EndGlobalSection
	GlobalSection(ProjectConfigurationPlatforms) = postSolution
		{EEFA9600-84CB-416E-B657-AC7A685D5E6C}.Debug|Any CPU.ActiveCfg = Debug|Any CPU
		{EEFA9600-84CB-416E-B657-AC7A685D5E6C}.Debug|Any CPU.Build.0 = Debug|Any CPU
		{EEFA9600-84CB-416E-B657-AC7A685D5E6C}.Release|Any CPU.ActiveCfg = Release|Any CPU
		{EEFA9600-84CB-416E-B657-AC7A685D5E6C}.Release|Any CPU.Build.0 = Release|Any CPU
	EndGlobalSection
	GlobalSection(SolutionProperties) = preSolution
		HideSolutionNode = FALSE
	EndGlobalSection
	GlobalSection(ExtensibilityGlobals) = postSolution
		SolutionGuid = {AB0F022C-CFE3-462A-8E01-54D50920696C}
	EndGlobalSection
EndGlobal
